
Microsoft Visual Studio Solution File, Format Version 12.00
# Visual Studio Version 16
VisualStudioVersion = 16.0.30611.23
MinimumVisualStudioVersion = 10.0.40219.1
Project("{9A19103F-16F7-4668-BE54-9A1E7A4F7556}") = "Service.API", "Service\Service.API\Service.API.csproj", "{0C06E317-5BAC-4249-8707-C72F455A3504}"
EndProject
Project("{FAE04EC0-301F-11D3-BF4B-00C04F79EFBC}") = "Service.BLL", "Service\Service.BLL\Service.BLL.csproj", "{6B2448CE-5A3C-41E5-9D09-E31EF4ED7CAB}"
EndProject
Project("{FAE04EC0-301F-11D3-BF4B-00C04F79EFBC}") = "Service.DAL", "Service\Service.DAL\Service.DAL.csproj", "{37B1AC94-EF54-4B94-AE6E-772A176FF6D7}"
EndProject
Project("{FAE04EC0-301F-11D3-BF4B-00C04F79EFBC}") = "Service.SAL", "Service\Service.SAL\Service.SAL.csproj", "{8C1CA3E1-3EAA-41DF-A0BC-53468A984066}"
EndProject
Project("{FAE04EC0-301F-11D3-BF4B-00C04F79EFBC}") = "Service.Core", "Service\Service.Core\Service.Core.csproj", "{9A7EEB58-E8C0-4076-8F99-234EE491C8B5}"
EndProject
Project("{FAE04EC0-301F-11D3-BF4B-00C04F79EFBC}") = "Service.Root", "Service\Service.Root\Service.Root.csproj", "{3658487D-1A99-4117-98AF-EE81EB3BC54A}"
EndProject
Project("{FAE04EC0-301F-11D3-BF4B-00C04F79EFBC}") = "Service.Test", "Service\Service.Test\Service.Test.csproj", "{6F620252-967C-471F-BB44-2BFC1D02FA2F}"
EndProject
Project("{2150E333-8FDC-42A3-9474-1A3956D46DE8}") = "Service", "Service", "{FFFEFFF6-C8E5-41AF-9084-DB418C2065DC}"
EndProject
Project("{2150E333-8FDC-42A3-9474-1A3956D46DE8}") = "Shared", "Shared", "{FC94F0CC-C102-400A-8421-2DB9654DF205}"
EndProject
Project("{2150E333-8FDC-42A3-9474-1A3956D46DE8}") = "Web", "Web", "{FD813A51-6021-4F89-B66D-0A68E5D3535A}"
EndProject
Project("{FAE04EC0-301F-11D3-BF4B-00C04F79EFBC}") = "Shared.DTO", "Shared\Shared.DTO\Shared.DTO.csproj", "{EBFF456D-C1B9-496B-973C-2E398D844E18}"
EndProject
Global
	GlobalSection(SolutionConfigurationPlatforms) = preSolution
		Debug|Any CPU = Debug|Any CPU
		Release|Any CPU = Release|Any CPU
	EndGlobalSection
	GlobalSection(ProjectConfigurationPlatforms) = postSolution
		{0C06E317-5BAC-4249-8707-C72F455A3504}.Debug|Any CPU.ActiveCfg = Debug|Any CPU
		{0C06E317-5BAC-4249-8707-C72F455A3504}.Debug|Any CPU.Build.0 = Debug|Any CPU
		{0C06E317-5BAC-4249-8707-C72F455A3504}.Release|Any CPU.ActiveCfg = Release|Any CPU
		{0C06E317-5BAC-4249-8707-C72F455A3504}.Release|Any CPU.Build.0 = Release|Any CPU
		{6B2448CE-5A3C-41E5-9D09-E31EF4ED7CAB}.Debug|Any CPU.ActiveCfg = Debug|Any CPU
		{6B2448CE-5A3C-41E5-9D09-E31EF4ED7CAB}.Debug|Any CPU.Build.0 = Debug|Any CPU
		{6B2448CE-5A3C-41E5-9D09-E31EF4ED7CAB}.Release|Any CPU.ActiveCfg = Release|Any CPU
		{6B2448CE-5A3C-41E5-9D09-E31EF4ED7CAB}.Release|Any CPU.Build.0 = Release|Any CPU
		{37B1AC94-EF54-4B94-AE6E-772A176FF6D7}.Debug|Any CPU.ActiveCfg = Debug|Any CPU
		{37B1AC94-EF54-4B94-AE6E-772A176FF6D7}.Debug|Any CPU.Build.0 = Debug|Any CPU
		{37B1AC94-EF54-4B94-AE6E-772A176FF6D7}.Release|Any CPU.ActiveCfg = Release|Any CPU
		{37B1AC94-EF54-4B94-AE6E-772A176FF6D7}.Release|Any CPU.Build.0 = Release|Any CPU
		{8C1CA3E1-3EAA-41DF-A0BC-53468A984066}.Debug|Any CPU.ActiveCfg = Debug|Any CPU
		{8C1CA3E1-3EAA-41DF-A0BC-53468A984066}.Debug|Any CPU.Build.0 = Debug|Any CPU
		{8C1CA3E1-3EAA-41DF-A0BC-53468A984066}.Release|Any CPU.ActiveCfg = Release|Any CPU
		{8C1CA3E1-3EAA-41DF-A0BC-53468A984066}.Release|Any CPU.Build.0 = Release|Any CPU
		{9A7EEB58-E8C0-4076-8F99-234EE491C8B5}.Debug|Any CPU.ActiveCfg = Debug|Any CPU
		{9A7EEB58-E8C0-4076-8F99-234EE491C8B5}.Debug|Any CPU.Build.0 = Debug|Any CPU
		{9A7EEB58-E8C0-4076-8F99-234EE491C8B5}.Release|Any CPU.ActiveCfg = Release|Any CPU
		{9A7EEB58-E8C0-4076-8F99-234EE491C8B5}.Release|Any CPU.Build.0 = Release|Any CPU
		{3658487D-1A99-4117-98AF-EE81EB3BC54A}.Debug|Any CPU.ActiveCfg = Debug|Any CPU
		{3658487D-1A99-4117-98AF-EE81EB3BC54A}.Debug|Any CPU.Build.0 = Debug|Any CPU
		{3658487D-1A99-4117-98AF-EE81EB3BC54A}.Release|Any CPU.ActiveCfg = Release|Any CPU
		{3658487D-1A99-4117-98AF-EE81EB3BC54A}.Release|Any CPU.Build.0 = Release|Any CPU
		{6F620252-967C-471F-BB44-2BFC1D02FA2F}.Debug|Any CPU.ActiveCfg = Debug|Any CPU
		{6F620252-967C-471F-BB44-2BFC1D02FA2F}.Debug|Any CPU.Build.0 = Debug|Any CPU
		{6F620252-967C-471F-BB44-2BFC1D02FA2F}.Release|Any CPU.ActiveCfg = Release|Any CPU
		{6F620252-967C-471F-BB44-2BFC1D02FA2F}.Release|Any CPU.Build.0 = Release|Any CPU
		{EBFF456D-C1B9-496B-973C-2E398D844E18}.Debug|Any CPU.ActiveCfg = Debug|Any CPU
		{EBFF456D-C1B9-496B-973C-2E398D844E18}.Debug|Any CPU.Build.0 = Debug|Any CPU
		{EBFF456D-C1B9-496B-973C-2E398D844E18}.Release|Any CPU.ActiveCfg = Release|Any CPU
		{EBFF456D-C1B9-496B-973C-2E398D844E18}.Release|Any CPU.Build.0 = Release|Any CPU
	EndGlobalSection
	GlobalSection(SolutionProperties) = preSolution
		HideSolutionNode = FALSE
	EndGlobalSection
	GlobalSection(NestedProjects) = preSolution
		{0C06E317-5BAC-4249-8707-C72F455A3504} = {FFFEFFF6-C8E5-41AF-9084-DB418C2065DC}
		{6B2448CE-5A3C-41E5-9D09-E31EF4ED7CAB} = {FFFEFFF6-C8E5-41AF-9084-DB418C2065DC}
		{37B1AC94-EF54-4B94-AE6E-772A176FF6D7} = {FFFEFFF6-C8E5-41AF-9084-DB418C2065DC}
		{8C1CA3E1-3EAA-41DF-A0BC-53468A984066} = {FFFEFFF6-C8E5-41AF-9084-DB418C2065DC}
		{9A7EEB58-E8C0-4076-8F99-234EE491C8B5} = {FFFEFFF6-C8E5-41AF-9084-DB418C2065DC}
		{3658487D-1A99-4117-98AF-EE81EB3BC54A} = {FFFEFFF6-C8E5-41AF-9084-DB418C2065DC}
		{6F620252-967C-471F-BB44-2BFC1D02FA2F} = {FFFEFFF6-C8E5-41AF-9084-DB418C2065DC}
		{EBFF456D-C1B9-496B-973C-2E398D844E18} = {FC94F0CC-C102-400A-8421-2DB9654DF205}
	EndGlobalSection
	GlobalSection(ExtensibilityGlobals) = postSolution
		SolutionGuid = {0F37E49A-8B0B-4E81-9A40-28F374E0CA4F}
	EndGlobalSection
EndGlobal
